
Microsoft Visual Studio Solution File, Format Version 12.00
# Visual Studio Version 17
VisualStudioVersion = 17.14.36212.18
MinimumVisualStudioVersion = 10.0.40219.1
Project("{8BC9CEB8-8B4A-11D0-8D11-00A0C91BC942}") = "DataStructure", "DataStructure\DataStructure.vcxproj", "{1B311423-A4A9-4485-9B39-CA421C1EAF09}"
EndProject
Project("{8BC9CEB8-8B4A-11D0-8D11-00A0C91BC942}") = "chapter01", "chapter01\chapter01.vcxproj", "{DB092D57-2B95-4C20-A2D7-8D42F75DA4AD}"
EndProject
Project("{8BC9CEB8-8B4A-11D0-8D11-00A0C91BC942}") = "prac", "prac\prac.vcxproj", "{539011AD-3117-4327-AC1D-BE0D93C63940}"
EndProject
Project("{8BC9CEB8-8B4A-11D0-8D11-00A0C91BC942}") = "chapter02", "chapter02\chapter02.vcxproj", "{7490C573-B67F-4ADD-91CA-9D133F558BD5}"
EndProject
Global
	GlobalSection(SolutionConfigurationPlatforms) = preSolution
		Debug|x64 = Debug|x64
		Debug|x86 = Debug|x86
		Release|x64 = Release|x64
		Release|x86 = Release|x86
	EndGlobalSection
	GlobalSection(ProjectConfigurationPlatforms) = postSolution
		{1B311423-A4A9-4485-9B39-CA421C1EAF09}.Debug|x64.ActiveCfg = Debug|x64
		{1B311423-A4A9-4485-9B39-CA421C1EAF09}.Debug|x64.Build.0 = Debug|x64
		{1B311423-A4A9-4485-9B39-CA421C1EAF09}.Debug|x86.ActiveCfg = Debug|Win32
		{1B311423-A4A9-4485-9B39-CA421C1EAF09}.Debug|x86.Build.0 = Debug|Win32
		{1B311423-A4A9-4485-9B39-CA421C1EAF09}.Release|x64.ActiveCfg = Release|x64
		{1B311423-A4A9-4485-9B39-CA421C1EAF09}.Release|x64.Build.0 = Release|x64
		{1B311423-A4A9-4485-9B39-CA421C1EAF09}.Release|x86.ActiveCfg = Release|Win32
		{1B311423-A4A9-4485-9B39-CA421C1EAF09}.Release|x86.Build.0 = Release|Win32
		{DB092D57-2B95-4C20-A2D7-8D42F75DA4AD}.Debug|x64.ActiveCfg = Debug|x64
		{DB092D57-2B95-4C20-A2D7-8D42F75DA4AD}.Debug|x64.Build.0 = Debug|x64
		{DB092D57-2B95-4C20-A2D7-8D42F75DA4AD}.Debug|x86.ActiveCfg = Debug|Win32
		{DB092D57-2B95-4C20-A2D7-8D42F75DA4AD}.Debug|x86.Build.0 = Debug|Win32
		{DB092D57-2B95-4C20-A2D7-8D42F75DA4AD}.Release|x64.ActiveCfg = Release|x64
		{DB092D57-2B95-4C20-A2D7-8D42F75DA4AD}.Release|x64.Build.0 = Release|x64
		{DB092D57-2B95-4C20-A2D7-8D42F75DA4AD}.Release|x86.ActiveCfg = Release|Win32
		{DB092D57-2B95-4C20-A2D7-8D42F75DA4AD}.Release|x86.Build.0 = Release|Win32
		{539011AD-3117-4327-AC1D-BE0D93C63940}.Debug|x64.ActiveCfg = Debug|x64
		{539011AD-3117-4327-AC1D-BE0D93C63940}.Debug|x64.Build.0 = Debug|x64
		{539011AD-3117-4327-AC1D-BE0D93C63940}.Debug|x86.ActiveCfg = Debug|Win32
		{539011AD-3117-4327-AC1D-BE0D93C63940}.Debug|x86.Build.0 = Debug|Win32
		{539011AD-3117-4327-AC1D-BE0D93C63940}.Release|x64.ActiveCfg = Release|x64
		{539011AD-3117-4327-AC1D-BE0D93C63940}.Release|x64.Build.0 = Release|x64
		{539011AD-3117-4327-AC1D-BE0D93C63940}.Release|x86.ActiveCfg = Release|Win32
		{539011AD-3117-4327-AC1D-BE0D93C63940}.Release|x86.Build.0 = Release|Win32
		{7490C573-B67F-4ADD-91CA-9D133F558BD5}.Debug|x64.ActiveCfg = Debug|x64
		{7490C573-B67F-4ADD-91CA-9D133F558BD5}.Debug|x64.Build.0 = Debug|x64
		{7490C573-B67F-4ADD-91CA-9D133F558BD5}.Debug|x86.ActiveCfg = Debug|Win32
		{7490C573-B67F-4ADD-91CA-9D133F558BD5}.Debug|x86.Build.0 = Debug|Win32
		{7490C573-B67F-4ADD-91CA-9D133F558BD5}.Release|x64.ActiveCfg = Release|x64
		{7490C573-B67F-4ADD-91CA-9D133F558BD5}.Release|x64.Build.0 = Release|x64
		{7490C573-B67F-4ADD-91CA-9D133F558BD5}.Release|x86.ActiveCfg = Release|Win32
		{7490C573-B67F-4ADD-91CA-9D133F558BD5}.Release|x86.Build.0 = Release|Win32
	EndGlobalSection
	GlobalSection(SolutionProperties) = preSolution
		HideSolutionNode = FALSE
	EndGlobalSection
	GlobalSection(ExtensibilityGlobals) = postSolution
		SolutionGuid = {0591B05F-DF3C-4C8C-BDB4-50B07939E701}
	EndGlobalSection
EndGlobal
